// !$*UTF8*$!
{
	archiveVersion = 1;
	classes = {
	};
	objectVersion = 50;
	objects = {

/* Begin PBXBuildFile section */
		E7281CAE2178DDA90069B633 /* Collection+Hex.swift in Sources */ = {isa = PBXBuildFile; fileRef = E7281CAD2178DDA90069B633 /* Collection+Hex.swift */; };
		E7281CB02178DDE50069B633 /* Data+Hex.swift in Sources */ = {isa = PBXBuildFile; fileRef = E7281CAF2178DDE50069B633 /* Data+Hex.swift */; };
		E7281CB22179A4B90069B633 /* UInt8Array+Hex.swift in Sources */ = {isa = PBXBuildFile; fileRef = E7281CB12179A4B90069B633 /* UInt8Array+Hex.swift */; };
		E739AB66217C96D300CB04C0 /* String+Hex.swift in Sources */ = {isa = PBXBuildFile; fileRef = E739AB65217C96D300CB04C0 /* String+Hex.swift */; };
		E784580921949C5C00353FF2 /* BeachyEMVReaderControl.framework in Frameworks */ = {isa = PBXBuildFile; fileRef = E784580821949C5C00353FF2 /* BeachyEMVReaderControl.framework */; };
		E784580A21949C5C00353FF2 /* BeachyEMVReaderControl.framework in Embed Frameworks */ = {isa = PBXBuildFile; fileRef = E784580821949C5C00353FF2 /* BeachyEMVReaderControl.framework */; settings = {ATTRIBUTES = (CodeSignOnCopy, RemoveHeadersOnCopy, ); }; };
		E79B8D2A216DC80600D35E93 /* BLEDeviceTableViewCell.swift in Sources */ = {isa = PBXBuildFile; fileRef = E79B8D29216DC80600D35E93 /* BLEDeviceTableViewCell.swift */; };
		E79B8D3C216E062600D35E93 /* BLEListViewController.swift in Sources */ = {isa = PBXBuildFile; fileRef = E79B8D3B216E062600D35E93 /* BLEListViewController.swift */; };
		E7C92EBE216D0B2800B444BA /* AppDelegate.swift in Sources */ = {isa = PBXBuildFile; fileRef = E7C92EBD216D0B2800B444BA /* AppDelegate.swift */; };
		E7C92EC3216D0B2800B444BA /* Main.storyboard in Resources */ = {isa = PBXBuildFile; fileRef = E7C92EC1216D0B2800B444BA /* Main.storyboard */; };
		E7C92EC5216D0B2900B444BA /* Assets.xcassets in Resources */ = {isa = PBXBuildFile; fileRef = E7C92EC4216D0B2900B444BA /* Assets.xcassets */; };
		E7C92EC8216D0B2900B444BA /* LaunchScreen.storyboard in Resources */ = {isa = PBXBuildFile; fileRef = E7C92EC6216D0B2900B444BA /* LaunchScreen.storyboard */; };
/* End PBXBuildFile section */

/* Begin PBXCopyFilesBuildPhase section */
		E79FAA76219307BA00BAF70D /* Embed Frameworks */ = {
			isa = PBXCopyFilesBuildPhase;
			buildActionMask = 2147483647;
			dstPath = "";
			dstSubfolderSpec = 10;
			files = (
				E784580A21949C5C00353FF2 /* BeachyEMVReaderControl.framework in Embed Frameworks */,
			);
			name = "Embed Frameworks";
			runOnlyForDeploymentPostprocessing = 0;
		};
/* End PBXCopyFilesBuildPhase section */

/* Begin PBXFileReference section */
		E7281CAD2178DDA90069B633 /* Collection+Hex.swift */ = {isa = PBXFileReference; lastKnownFileType = sourcecode.swift; path = "Collection+Hex.swift"; sourceTree = "<group>"; };
		E7281CAF2178DDE50069B633 /* Data+Hex.swift */ = {isa = PBXFileReference; lastKnownFileType = sourcecode.swift; path = "Data+Hex.swift"; sourceTree = "<group>"; };
		E7281CB12179A4B90069B633 /* UInt8Array+Hex.swift */ = {isa = PBXFileReference; lastKnownFileType = sourcecode.swift; path = "UInt8Array+Hex.swift"; sourceTree = "<group>"; };
		E7322D9C216E653B003773AC /* IDTech-Bridging-Header.h */ = {isa = PBXFileReference; lastKnownFileType = sourcecode.c.h; path = "IDTech-Bridging-Header.h"; sourceTree = "<group>"; };
		E739AB65217C96D300CB04C0 /* String+Hex.swift */ = {isa = PBXFileReference; lastKnownFileType = sourcecode.swift; path = "String+Hex.swift"; sourceTree = "<group>"; };
		E784580821949C5C00353FF2 /* BeachyEMVReaderControl.framework */ = {isa = PBXFileReference; lastKnownFileType = wrapper.framework; path = BeachyEMVReaderControl.framework; sourceTree = "<group>"; };
		E79B8D29216DC80600D35E93 /* BLEDeviceTableViewCell.swift */ = {isa = PBXFileReference; lastKnownFileType = sourcecode.swift; path = BLEDeviceTableViewCell.swift; sourceTree = "<group>"; };
		E79B8D3B216E062600D35E93 /* BLEListViewController.swift */ = {isa = PBXFileReference; lastKnownFileType = sourcecode.swift; path = BLEListViewController.swift; sourceTree = "<group>"; xcLanguageSpecificationIdentifier = xcode.lang.swift; };
		E7C92EBA216D0B2800B444BA /* EMV_reader.app */ = {isa = PBXFileReference; explicitFileType = wrapper.application; includeInIndex = 0; path = EMV_reader.app; sourceTree = BUILT_PRODUCTS_DIR; };
		E7C92EBD216D0B2800B444BA /* AppDelegate.swift */ = {isa = PBXFileReference; lastKnownFileType = sourcecode.swift; path = AppDelegate.swift; sourceTree = "<group>"; };
		E7C92EC2216D0B2800B444BA /* Base */ = {isa = PBXFileReference; lastKnownFileType = file.storyboard; name = Base; path = Base.lproj/Main.storyboard; sourceTree = "<group>"; };
		E7C92EC4216D0B2900B444BA /* Assets.xcassets */ = {isa = PBXFileReference; lastKnownFileType = folder.assetcatalog; path = Assets.xcassets; sourceTree = "<group>"; };
		E7C92EC7216D0B2900B444BA /* Base */ = {isa = PBXFileReference; lastKnownFileType = file.storyboard; name = Base; path = Base.lproj/LaunchScreen.storyboard; sourceTree = "<group>"; };
		E7C92EC9216D0B2900B444BA /* Info.plist */ = {isa = PBXFileReference; lastKnownFileType = text.plist.xml; path = Info.plist; sourceTree = "<group>"; };
/* End PBXFileReference section */

/* Begin PBXFrameworksBuildPhase section */
		E7C92EB7216D0B2800B444BA /* Frameworks */ = {
			isa = PBXFrameworksBuildPhase;
			buildActionMask = 2147483647;
			files = (
				E784580921949C5C00353FF2 /* BeachyEMVReaderControl.framework in Frameworks */,
			);
			runOnlyForDeploymentPostprocessing = 0;
		};
/* End PBXFrameworksBuildPhase section */

/* Begin PBXGroup section */
		E7281CAC2178DD760069B633 /* Extensions */ = {
			isa = PBXGroup;
			children = (
				E7281CAD2178DDA90069B633 /* Collection+Hex.swift */,
				E7281CAF2178DDE50069B633 /* Data+Hex.swift */,
				E7281CB12179A4B90069B633 /* UInt8Array+Hex.swift */,
				E739AB65217C96D300CB04C0 /* String+Hex.swift */,
			);
			path = Extensions;
			sourceTree = "<group>";
		};
		E74163452185867100E95009 /* DevicesList */ = {
			isa = PBXGroup;
			children = (
				E79B8D29216DC80600D35E93 /* BLEDeviceTableViewCell.swift */,
				E79B8D3B216E062600D35E93 /* BLEListViewController.swift */,
			);
			path = DevicesList;
			sourceTree = "<group>";
		};
		E7C92EB1216D0B2700B444BA = {
			isa = PBXGroup;
			children = (
				E784580821949C5C00353FF2 /* BeachyEMVReaderControl.framework */,
				E7C92EBC216D0B2800B444BA /* EMV_reader */,
				E7C92EBB216D0B2800B444BA /* Products */,
				E7C92ECF216D0B9D00B444BA /* Frameworks */,
			);
			sourceTree = "<group>";
		};
		E7C92EBB216D0B2800B444BA /* Products */ = {
			isa = PBXGroup;
			children = (
				E7C92EBA216D0B2800B444BA /* EMV_reader.app */,
			);
			name = Products;
			sourceTree = "<group>";
		};
		E7C92EBC216D0B2800B444BA /* EMV_reader */ = {
			isa = PBXGroup;
			children = (
				E74163452185867100E95009 /* DevicesList */,
				E7281CAC2178DD760069B633 /* Extensions */,
				E7322D9C216E653B003773AC /* IDTech-Bridging-Header.h */,
				E7C92EBD216D0B2800B444BA /* AppDelegate.swift */,
				E7C92EC1216D0B2800B444BA /* Main.storyboard */,
				E7C92EC4216D0B2900B444BA /* Assets.xcassets */,
				E7C92EC6216D0B2900B444BA /* LaunchScreen.storyboard */,
				E7C92EC9216D0B2900B444BA /* Info.plist */,
			);
			path = EMV_reader;
			sourceTree = "<group>";
		};
		E7C92ECF216D0B9D00B444BA /* Frameworks */ = {
			isa = PBXGroup;
			children = (
			);
			name = Frameworks;
			sourceTree = "<group>";
		};
/* End PBXGroup section */

/* Begin PBXNativeTarget section */
		E7C92EB9216D0B2800B444BA /* EMV_reader */ = {
			isa = PBXNativeTarget;
			buildConfigurationList = E7C92ECC216D0B2900B444BA /* Build configuration list for PBXNativeTarget "EMV_reader" */;
			buildPhases = (
				E7C92EB6216D0B2800B444BA /* Sources */,
				E7C92EB7216D0B2800B444BA /* Frameworks */,
				E7C92EB8216D0B2800B444BA /* Resources */,
				E79FAA76219307BA00BAF70D /* Embed Frameworks */,
			);
			buildRules = (
			);
			dependencies = (
			);
			name = EMV_reader;
			productName = EMV_reader;
			productReference = E7C92EBA216D0B2800B444BA /* EMV_reader.app */;
			productType = "com.apple.product-type.application";
		};
/* End PBXNativeTarget section */

/* Begin PBXProject section */
		E7C92EB2216D0B2700B444BA /* Project object */ = {
			isa = PBXProject;
			attributes = {
				LastSwiftUpdateCheck = 1000;
				LastUpgradeCheck = 1000;
				ORGANIZATIONNAME = Beachy;
				TargetAttributes = {
					E7C92EB9216D0B2800B444BA = {
						CreatedOnToolsVersion = 10.0;
					};
				};
			};
			buildConfigurationList = E7C92EB5216D0B2700B444BA /* Build configuration list for PBXProject "EMV_reader" */;
			compatibilityVersion = "Xcode 9.3";
			developmentRegion = en;
			hasScannedForEncodings = 0;
			knownRegions = (
				en,
				Base,
			);
			mainGroup = E7C92EB1216D0B2700B444BA;
			productRefGroup = E7C92EBB216D0B2800B444BA /* Products */;
			projectDirPath = "";
			projectRoot = "";
			targets = (
				E7C92EB9216D0B2800B444BA /* EMV_reader */,
			);
		};
/* End PBXProject section */

/* Begin PBXResourcesBuildPhase section */
		E7C92EB8216D0B2800B444BA /* Resources */ = {
			isa = PBXResourcesBuildPhase;
			buildActionMask = 2147483647;
			files = (
				E7C92EC8216D0B2900B444BA /* LaunchScreen.storyboard in Resources */,
				E7C92EC5216D0B2900B444BA /* Assets.xcassets in Resources */,
				E7C92EC3216D0B2800B444BA /* Main.storyboard in Resources */,
			);
			runOnlyForDeploymentPostprocessing = 0;
		};
/* End PBXResourcesBuildPhase section */

/* Begin PBXSourcesBuildPhase section */
		E7C92EB6216D0B2800B444BA /* Sources */ = {
			isa = PBXSourcesBuildPhase;
			buildActionMask = 2147483647;
			files = (
				E79B8D2A216DC80600D35E93 /* BLEDeviceTableViewCell.swift in Sources */,
				E739AB66217C96D300CB04C0 /* String+Hex.swift in Sources */,
				E7281CAE2178DDA90069B633 /* Collection+Hex.swift in Sources */,
				E7C92EBE216D0B2800B444BA /* AppDelegate.swift in Sources */,
				E7281CB02178DDE50069B633 /* Data+Hex.swift in Sources */,
				E7281CB22179A4B90069B633 /* UInt8Array+Hex.swift in Sources */,
				E79B8D3C216E062600D35E93 /* BLEListViewController.swift in Sources */,
			);
			runOnlyForDeploymentPostprocessing = 0;
		};
/* End PBXSourcesBuildPhase section */

/* Begin PBXVariantGroup section */
		E7C92EC1216D0B2800B444BA /* Main.storyboard */ = {
			isa = PBXVariantGroup;
			children = (
				E7C92EC2216D0B2800B444BA /* Base */,
			);
			name = Main.storyboard;
			sourceTree = "<group>";
		};
		E7C92EC6216D0B2900B444BA /* LaunchScreen.storyboard */ = {
			isa = PBXVariantGroup;
			children = (
				E7C92EC7216D0B2900B444BA /* Base */,
			);
			name = LaunchScreen.storyboard;
			sourceTree = "<group>";
		};
/* End PBXVariantGroup section */

/* Begin XCBuildConfiguration section */
		E7C92ECA216D0B2900B444BA /* Debug */ = {
			isa = XCBuildConfiguration;
			buildSettings = {
				ALWAYS_SEARCH_USER_PATHS = NO;
				CLANG_ANALYZER_NONNULL = YES;
				CLANG_ANALYZER_NUMBER_OBJECT_CONVERSION = YES_AGGRESSIVE;
				CLANG_CXX_LANGUAGE_STANDARD = "gnu++14";
				CLANG_CXX_LIBRARY = "libc++";
				CLANG_ENABLE_MODULES = YES;
				CLANG_ENABLE_OBJC_ARC = YES;
				CLANG_ENABLE_OBJC_WEAK = YES;
				CLANG_WARN_BLOCK_CAPTURE_AUTORELEASING = YES;
				CLANG_WARN_BOOL_CONVERSION = YES;
				CLANG_WARN_COMMA = YES;
				CLANG_WARN_CONSTANT_CONVERSION = YES;
				CLANG_WARN_DEPRECATED_OBJC_IMPLEMENTATIONS = YES;
				CLANG_WARN_DIRECT_OBJC_ISA_USAGE = YES_ERROR;
				CLANG_WARN_DOCUMENTATION_COMMENTS = YES;
				CLANG_WARN_EMPTY_BODY = YES;
				CLANG_WARN_ENUM_CONVERSION = YES;
				CLANG_WARN_INFINITE_RECURSION = YES;
				CLANG_WARN_INT_CONVERSION = YES;
				CLANG_WARN_NON_LITERAL_NULL_CONVERSION = YES;
				CLANG_WARN_OBJC_IMPLICIT_RETAIN_SELF = YES;
				CLANG_WARN_OBJC_LITERAL_CONVERSION = YES;
				CLANG_WARN_OBJC_ROOT_CLASS = YES_ERROR;
				CLANG_WARN_RANGE_LOOP_ANALYSIS = YES;
				CLANG_WARN_STRICT_PROTOTYPES = YES;
				CLANG_WARN_SUSPICIOUS_MOVE = YES;
				CLANG_WARN_UNGUARDED_AVAILABILITY = YES_AGGRESSIVE;
				CLANG_WARN_UNREACHABLE_CODE = YES;
				CLANG_WARN__DUPLICATE_METHOD_MATCH = YES;
				CODE_SIGN_IDENTITY = "iPhone Developer";
				COPY_PHASE_STRIP = NO;
				DEBUG_INFORMATION_FORMAT = dwarf;
				ENABLE_STRICT_OBJC_MSGSEND = YES;
				ENABLE_TESTABILITY = YES;
				GCC_C_LANGUAGE_STANDARD = gnu11;
				GCC_DYNAMIC_NO_PIC = NO;
				GCC_NO_COMMON_BLOCKS = YES;
				GCC_OPTIMIZATION_LEVEL = 0;
				GCC_PREPROCESSOR_DEFINITIONS = (
					"DEBUG=1",
					"$(inherited)",
				);
				GCC_WARN_64_TO_32_BIT_CONVERSION = YES;
				GCC_WARN_ABOUT_RETURN_TYPE = YES_ERROR;
				GCC_WARN_UNDECLARED_SELECTOR = YES;
				GCC_WARN_UNINITIALIZED_AUTOS = YES_AGGRESSIVE;
				GCC_WARN_UNUSED_FUNCTION = YES;
				GCC_WARN_UNUSED_VARIABLE = YES;
				IPHONEOS_DEPLOYMENT_TARGET = 12.0;
				MTL_ENABLE_DEBUG_INFO = INCLUDE_SOURCE;
				MTL_FAST_MATH = YES;
				ONLY_ACTIVE_ARCH = YES;
				SDKROOT = iphoneos;
				SWIFT_ACTIVE_COMPILATION_CONDITIONS = DEBUG;
				SWIFT_OPTIMIZATION_LEVEL = "-Onone";
			};
			name = Debug;
		};
		E7C92ECB216D0B2900B444BA /* Release */ = {
			isa = XCBuildConfiguration;
			buildSettings = {
				ALWAYS_SEARCH_USER_PATHS = NO;
				CLANG_ANALYZER_NONNULL = YES;
				CLANG_ANALYZER_NUMBER_OBJECT_CONVERSION = YES_AGGRESSIVE;
				CLANG_CXX_LANGUAGE_STANDARD = "gnu++14";
				CLANG_CXX_LIBRARY = "libc++";
				CLANG_ENABLE_MODULES = YES;
				CLANG_ENABLE_OBJC_ARC = YES;
				CLANG_ENABLE_OBJC_WEAK = YES;
				CLANG_WARN_BLOCK_CAPTURE_AUTORELEASING = YES;
				CLANG_WARN_BOOL_CONVERSION = YES;
				CLANG_WARN_COMMA = YES;
				CLANG_WARN_CONSTANT_CONVERSION = YES;
				CLANG_WARN_DEPRECATED_OBJC_IMPLEMENTATIONS = YES;
				CLANG_WARN_DIRECT_OBJC_ISA_USAGE = YES_ERROR;
				CLANG_WARN_DOCUMENTATION_COMMENTS = YES;
				CLANG_WARN_EMPTY_BODY = YES;
				CLANG_WARN_ENUM_CONVERSION = YES;
				CLANG_WARN_INFINITE_RECURSION = YES;
				CLANG_WARN_INT_CONVERSION = YES;
				CLANG_WARN_NON_LITERAL_NULL_CONVERSION = YES;
				CLANG_WARN_OBJC_IMPLICIT_RETAIN_SELF = YES;
				CLANG_WARN_OBJC_LITERAL_CONVERSION = YES;
				CLANG_WARN_OBJC_ROOT_CLASS = YES_ERROR;
				CLANG_WARN_RANGE_LOOP_ANALYSIS = YES;
				CLANG_WARN_STRICT_PROTOTYPES = YES;
				CLANG_WARN_SUSPICIOUS_MOVE = YES;
				CLANG_WARN_UNGUARDED_AVAILABILITY = YES_AGGRESSIVE;
				CLANG_WARN_UNREACHABLE_CODE = YES;
				CLANG_WARN__DUPLICATE_METHOD_MATCH = YES;
				CODE_SIGN_IDENTITY = "iPhone Developer";
				COPY_PHASE_STRIP = NO;
				DEBUG_INFORMATION_FORMAT = "dwarf-with-dsym";
				ENABLE_NS_ASSERTIONS = NO;
				ENABLE_STRICT_OBJC_MSGSEND = YES;
				GCC_C_LANGUAGE_STANDARD = gnu11;
				GCC_NO_COMMON_BLOCKS = YES;
				GCC_WARN_64_TO_32_BIT_CONVERSION = YES;
				GCC_WARN_ABOUT_RETURN_TYPE = YES_ERROR;
				GCC_WARN_UNDECLARED_SELECTOR = YES;
				GCC_WARN_UNINITIALIZED_AUTOS = YES_AGGRESSIVE;
				GCC_WARN_UNUSED_FUNCTION = YES;
				GCC_WARN_UNUSED_VARIABLE = YES;
				IPHONEOS_DEPLOYMENT_TARGET = 12.0;
				MTL_ENABLE_DEBUG_INFO = NO;
				MTL_FAST_MATH = YES;
				SDKROOT = iphoneos;
				SWIFT_COMPILATION_MODE = wholemodule;
				SWIFT_OPTIMIZATION_LEVEL = "-O";
				VALIDATE_PRODUCT = YES;
			};
			name = Release;
		};
		E7C92ECD216D0B2900B444BA /* Debug */ = {
			isa = XCBuildConfiguration;
			buildSettings = {
				ASSETCATALOG_COMPILER_APPICON_NAME = AppIcon;
				CODE_SIGN_IDENTITY = "iPhone Developer";
				CODE_SIGN_STYLE = Automatic;
				DEVELOPMENT_TEAM = C448G82Z59;
				FRAMEWORK_SEARCH_PATHS = (
					"$(inherited)",
					"$(PROJECT_DIR)",
					"$(PROJECT_DIR)/vendor",
				);
				INFOPLIST_FILE = EMV_reader/Info.plist;
				IPHONEOS_DEPLOYMENT_TARGET = 11.4;
				LD_RUNPATH_SEARCH_PATHS = (
					"$(inherited)",
					"@executable_path/Frameworks",
				);
				PRODUCT_BUNDLE_IDENTIFIER = "com.beachyapp.emv-maintenance-tool";
				PRODUCT_NAME = "$(TARGET_NAME)";
				PROVISIONING_PROFILE_SPECIFIER = "";
				SWIFT_OBJC_BRIDGING_HEADER = "EMV_reader/IDTech-Bridging-Header.h";
				SWIFT_VERSION = 4.2;
				TARGETED_DEVICE_FAMILY = "1,2";
			};
			name = Debug;
		};
		E7C92ECE216D0B2900B444BA /* Release */ = {
			isa = XCBuildConfiguration;
			buildSettings = {
				ASSETCATALOG_COMPILER_APPICON_NAME = AppIcon;
				CODE_SIGN_IDENTITY = "iPhone Developer";
				CODE_SIGN_STYLE = Automatic;
				DEVELOPMENT_TEAM = C448G82Z59;
				FRAMEWORK_SEARCH_PATHS = (
					"$(inherited)",
					"$(PROJECT_DIR)",
					"$(PROJECT_DIR)/vendor",
				);
				INFOPLIST_FILE = EMV_reader/Info.plist;
				IPHONEOS_DEPLOYMENT_TARGET = 11.4;
				LD_RUNPATH_SEARCH_PATHS = (
					"$(inherited)",
					"@executable_path/Frameworks",
				);
				PRODUCT_BUNDLE_IDENTIFIER = "com.beachyapp.emv-maintenance-tool";
				PRODUCT_NAME = "$(TARGET_NAME)";
				PROVISIONING_PROFILE_SPECIFIER = "";
				SWIFT_OBJC_BRIDGING_HEADER = "EMV_reader/IDTech-Bridging-Header.h";
				SWIFT_VERSION = 4.2;
				TARGETED_DEVICE_FAMILY = "1,2";
			};
			name = Release;
		};
/* End XCBuildConfiguration section */

/* Begin XCConfigurationList section */
		E7C92EB5216D0B2700B444BA /* Build configuration list for PBXProject "EMV_reader" */ = {
			isa = XCConfigurationList;
			buildConfigurations = (
				E7C92ECA216D0B2900B444BA /* Debug */,
				E7C92ECB216D0B2900B444BA /* Release */,
			);
			defaultConfigurationIsVisible = 0;
			defaultConfigurationName = Release;
		};
		E7C92ECC216D0B2900B444BA /* Build configuration list for PBXNativeTarget "EMV_reader" */ = {
			isa = XCConfigurationList;
			buildConfigurations = (
				E7C92ECD216D0B2900B444BA /* Debug */,
				E7C92ECE216D0B2900B444BA /* Release */,
			);
			defaultConfigurationIsVisible = 0;
			defaultConfigurationName = Release;
		};
/* End XCConfigurationList section */
	};
	rootObject = E7C92EB2216D0B2700B444BA /* Project object */;
}
